// !$*UTF8*$!
{
	archiveVersion = 1;
	classes = {
	};
	objectVersion = 50;
	objects = {

/* Begin PBXBuildFile section */
		94A0B32021A7ECC2000F18CB /* AppDelegate.swift in Sources */ = {isa = PBXBuildFile; fileRef = 94A0B31F21A7ECC2000F18CB /* AppDelegate.swift */; };
		94A0B32221A7ECC2000F18CB /* ViewController.swift in Sources */ = {isa = PBXBuildFile; fileRef = 94A0B32121A7ECC2000F18CB /* ViewController.swift */; };
		94A0B32721A7ECC3000F18CB /* Assets.xcassets in Resources */ = {isa = PBXBuildFile; fileRef = 94A0B32621A7ECC3000F18CB /* Assets.xcassets */; };
		94A0B32A21A7ECC3000F18CB /* LaunchScreen.storyboard in Resources */ = {isa = PBXBuildFile; fileRef = 94A0B32821A7ECC3000F18CB /* LaunchScreen.storyboard */; };
		94A0B33221A7ED45000F18CB /* PATabBarViewController.swift in Sources */ = {isa = PBXBuildFile; fileRef = 94A0B33121A7ED45000F18CB /* PATabBarViewController.swift */; };
		94A0B33421A7F7E5000F18CB /* PATabBar.swift in Sources */ = {isa = PBXBuildFile; fileRef = 94A0B33321A7F7E5000F18CB /* PATabBar.swift */; };
		94A0B33621A7F7FF000F18CB /* PANavigationController.swift in Sources */ = {isa = PBXBuildFile; fileRef = 94A0B33521A7F7FF000F18CB /* PANavigationController.swift */; };
		94A0B33821AB91AE000F18CB /* SecondViewController.swift in Sources */ = {isa = PBXBuildFile; fileRef = 94A0B33721AB91AE000F18CB /* SecondViewController.swift */; };
		94A0B33A21ACD23F000F18CB /* PATabBarItemBadgeView.swift in Sources */ = {isa = PBXBuildFile; fileRef = 94A0B33921ACD23F000F18CB /* PATabBarItemBadgeView.swift */; };
/* End PBXBuildFile section */

/* Begin PBXFileReference section */
		94A0B31C21A7ECC1000F18CB /* TabBarDemo.app */ = {isa = PBXFileReference; explicitFileType = wrapper.application; includeInIndex = 0; path = TabBarDemo.app; sourceTree = BUILT_PRODUCTS_DIR; };
		94A0B31F21A7ECC2000F18CB /* AppDelegate.swift */ = {isa = PBXFileReference; lastKnownFileType = sourcecode.swift; path = AppDelegate.swift; sourceTree = "<group>"; };
		94A0B32121A7ECC2000F18CB /* ViewController.swift */ = {isa = PBXFileReference; lastKnownFileType = sourcecode.swift; path = ViewController.swift; sourceTree = "<group>"; };
		94A0B32621A7ECC3000F18CB /* Assets.xcassets */ = {isa = PBXFileReference; lastKnownFileType = folder.assetcatalog; path = Assets.xcassets; sourceTree = "<group>"; };
		94A0B32921A7ECC3000F18CB /* Base */ = {isa = PBXFileReference; lastKnownFileType = file.storyboard; name = Base; path = Base.lproj/LaunchScreen.storyboard; sourceTree = "<group>"; };
		94A0B32B21A7ECC3000F18CB /* Info.plist */ = {isa = PBXFileReference; lastKnownFileType = text.plist.xml; path = Info.plist; sourceTree = "<group>"; };
		94A0B33121A7ED45000F18CB /* PATabBarViewController.swift */ = {isa = PBXFileReference; lastKnownFileType = sourcecode.swift; path = PATabBarViewController.swift; sourceTree = "<group>"; };
		94A0B33321A7F7E5000F18CB /* PATabBar.swift */ = {isa = PBXFileReference; lastKnownFileType = sourcecode.swift; path = PATabBar.swift; sourceTree = "<group>"; };
		94A0B33521A7F7FF000F18CB /* PANavigationController.swift */ = {isa = PBXFileReference; lastKnownFileType = sourcecode.swift; path = PANavigationController.swift; sourceTree = "<group>"; };
		94A0B33721AB91AE000F18CB /* SecondViewController.swift */ = {isa = PBXFileReference; lastKnownFileType = sourcecode.swift; path = SecondViewController.swift; sourceTree = "<group>"; };
		94A0B33921ACD23F000F18CB /* PATabBarItemBadgeView.swift */ = {isa = PBXFileReference; fileEncoding = 4; lastKnownFileType = sourcecode.swift; path = PATabBarItemBadgeView.swift; sourceTree = "<group>"; };
/* End PBXFileReference section */

/* Begin PBXFrameworksBuildPhase section */
		94A0B31921A7ECC1000F18CB /* Frameworks */ = {
			isa = PBXFrameworksBuildPhase;
			buildActionMask = 2147483647;
			files = (
			);
			runOnlyForDeploymentPostprocessing = 0;
		};
/* End PBXFrameworksBuildPhase section */

/* Begin PBXGroup section */
		94A0B31321A7ECC1000F18CB = {
			isa = PBXGroup;
			children = (
				94A0B31E21A7ECC1000F18CB /* TabBarDemo */,
				94A0B31D21A7ECC1000F18CB /* Products */,
			);
			sourceTree = "<group>";
		};
		94A0B31D21A7ECC1000F18CB /* Products */ = {
			isa = PBXGroup;
			children = (
				94A0B31C21A7ECC1000F18CB /* TabBarDemo.app */,
			);
			name = Products;
			sourceTree = "<group>";
		};
		94A0B31E21A7ECC1000F18CB /* TabBarDemo */ = {
			isa = PBXGroup;
			children = (
				94A0B31F21A7ECC2000F18CB /* AppDelegate.swift */,
				94A0B33321A7F7E5000F18CB /* PATabBar.swift */,
				94A0B33121A7ED45000F18CB /* PATabBarViewController.swift */,
				94A0B33521A7F7FF000F18CB /* PANavigationController.swift */,
				94A0B33921ACD23F000F18CB /* PATabBarItemBadgeView.swift */,
				94A0B32121A7ECC2000F18CB /* ViewController.swift */,
				94A0B33721AB91AE000F18CB /* SecondViewController.swift */,
				94A0B32621A7ECC3000F18CB /* Assets.xcassets */,
				94A0B32821A7ECC3000F18CB /* LaunchScreen.storyboard */,
				94A0B32B21A7ECC3000F18CB /* Info.plist */,
			);
			path = TabBarDemo;
			sourceTree = "<group>";
		};
/* End PBXGroup section */

/* Begin PBXNativeTarget section */
		94A0B31B21A7ECC1000F18CB /* TabBarDemo */ = {
			isa = PBXNativeTarget;
			buildConfigurationList = 94A0B32E21A7ECC3000F18CB /* Build configuration list for PBXNativeTarget "TabBarDemo" */;
			buildPhases = (
				94A0B31821A7ECC1000F18CB /* Sources */,
				94A0B31921A7ECC1000F18CB /* Frameworks */,
				94A0B31A21A7ECC1000F18CB /* Resources */,
			);
			buildRules = (
			);
			dependencies = (
			);
			name = TabBarDemo;
			productName = TabBarDemo;
			productReference = 94A0B31C21A7ECC1000F18CB /* TabBarDemo.app */;
			productType = "com.apple.product-type.application";
		};
/* End PBXNativeTarget section */

/* Begin PBXProject section */
		94A0B31421A7ECC1000F18CB /* Project object */ = {
			isa = PBXProject;
			attributes = {
				LastSwiftUpdateCheck = 1010;
				LastUpgradeCheck = 1010;
				ORGANIZATIONNAME = com.pa.com;
				TargetAttributes = {
					94A0B31B21A7ECC1000F18CB = {
						CreatedOnToolsVersion = 10.1;
					};
				};
			};
			buildConfigurationList = 94A0B31721A7ECC1000F18CB /* Build configuration list for PBXProject "TabBarDemo" */;
			compatibilityVersion = "Xcode 9.3";
			developmentRegion = en;
			hasScannedForEncodings = 0;
			knownRegions = (
				en,
				Base,
			);
			mainGroup = 94A0B31321A7ECC1000F18CB;
			productRefGroup = 94A0B31D21A7ECC1000F18CB /* Products */;
			projectDirPath = "";
			projectRoot = "";
			targets = (
				94A0B31B21A7ECC1000F18CB /* TabBarDemo */,
			);
		};
/* End PBXProject section */

/* Begin PBXResourcesBuildPhase section */
		94A0B31A21A7ECC1000F18CB /* Resources */ = {
			isa = PBXResourcesBuildPhase;
			buildActionMask = 2147483647;
			files = (
				94A0B32A21A7ECC3000F18CB /* LaunchScreen.storyboard in Resources */,
				94A0B32721A7ECC3000F18CB /* Assets.xcassets in Resources */,
			);
			runOnlyForDeploymentPostprocessing = 0;
		};
/* End PBXResourcesBuildPhase section */

/* Begin PBXSourcesBuildPhase section */
		94A0B31821A7ECC1000F18CB /* Sources */ = {
			isa = PBXSourcesBuildPhase;
			buildActionMask = 2147483647;
			files = (
				94A0B33821AB91AE000F18CB /* SecondViewController.swift in Sources */,
				94A0B33221A7ED45000F18CB /* PATabBarViewController.swift in Sources */,
				94A0B33621A7F7FF000F18CB /* PANavigationController.swift in Sources */,
				94A0B32221A7ECC2000F18CB /* ViewController.swift in Sources */,
				94A0B33A21ACD23F000F18CB /* PATabBarItemBadgeView.swift in Sources */,
				94A0B33421A7F7E5000F18CB /* PATabBar.swift in Sources */,
				94A0B32021A7ECC2000F18CB /* AppDelegate.swift in Sources */,
			);
			runOnlyForDeploymentPostprocessing = 0;
		};
/* End PBXSourcesBuildPhase section */

/* Begin PBXVariantGroup section */
		94A0B32821A7ECC3000F18CB /* LaunchScreen.storyboard */ = {
			isa = PBXVariantGroup;
			children = (
				94A0B32921A7ECC3000F18CB /* Base */,
			);
			name = LaunchScreen.storyboard;
			sourceTree = "<group>";
		};
/* End PBXVariantGroup section */

/* Begin XCBuildConfiguration section */
		94A0B32C21A7ECC3000F18CB /* Debug */ = {
			isa = XCBuildConfiguration;
			buildSettings = {
				ALWAYS_SEARCH_USER_PATHS = NO;
				CLANG_ANALYZER_NONNULL = YES;
				CLANG_ANALYZER_NUMBER_OBJECT_CONVERSION = YES_AGGRESSIVE;
				CLANG_CXX_LANGUAGE_STANDARD = "gnu++14";
				CLANG_CXX_LIBRARY = "libc++";
				CLANG_ENABLE_MODULES = YES;
				CLANG_ENABLE_OBJC_ARC = YES;
				CLANG_ENABLE_OBJC_WEAK = YES;
				CLANG_WARN_BLOCK_CAPTURE_AUTORELEASING = YES;
				CLANG_WARN_BOOL_CONVERSION = YES;
				CLANG_WARN_COMMA = YES;
				CLANG_WARN_CONSTANT_CONVERSION = YES;
				CLANG_WARN_DEPRECATED_OBJC_IMPLEMENTATIONS = YES;
				CLANG_WARN_DIRECT_OBJC_ISA_USAGE = YES_ERROR;
				CLANG_WARN_DOCUMENTATION_COMMENTS = YES;
				CLANG_WARN_EMPTY_BODY = YES;
				CLANG_WARN_ENUM_CONVERSION = YES;
				CLANG_WARN_INFINITE_RECURSION = YES;
				CLANG_WARN_INT_CONVERSION = YES;
				CLANG_WARN_NON_LITERAL_NULL_CONVERSION = YES;
				CLANG_WARN_OBJC_IMPLICIT_RETAIN_SELF = YES;
				CLANG_WARN_OBJC_LITERAL_CONVERSION = YES;
				CLANG_WARN_OBJC_ROOT_CLASS = YES_ERROR;
				CLANG_WARN_RANGE_LOOP_ANALYSIS = YES;
				CLANG_WARN_STRICT_PROTOTYPES = YES;
				CLANG_WARN_SUSPICIOUS_MOVE = YES;
				CLANG_WARN_UNGUARDED_AVAILABILITY = YES_AGGRESSIVE;
				CLANG_WARN_UNREACHABLE_CODE = YES;
				CLANG_WARN__DUPLICATE_METHOD_MATCH = YES;
				CODE_SIGN_IDENTITY = "iPhone Developer";
				COPY_PHASE_STRIP = NO;
				DEBUG_INFORMATION_FORMAT = dwarf;
				ENABLE_STRICT_OBJC_MSGSEND = YES;
				ENABLE_TESTABILITY = YES;
				GCC_C_LANGUAGE_STANDARD = gnu11;
				GCC_DYNAMIC_NO_PIC = NO;
				GCC_NO_COMMON_BLOCKS = YES;
				GCC_OPTIMIZATION_LEVEL = 0;
				GCC_PREPROCESSOR_DEFINITIONS = (
					"DEBUG=1",
					"$(inherited)",
				);
				GCC_WARN_64_TO_32_BIT_CONVERSION = YES;
				GCC_WARN_ABOUT_RETURN_TYPE = YES_ERROR;
				GCC_WARN_UNDECLARED_SELECTOR = YES;
				GCC_WARN_UNINITIALIZED_AUTOS = YES_AGGRESSIVE;
				GCC_WARN_UNUSED_FUNCTION = YES;
				GCC_WARN_UNUSED_VARIABLE = YES;
				IPHONEOS_DEPLOYMENT_TARGET = 12.1;
				MTL_ENABLE_DEBUG_INFO = INCLUDE_SOURCE;
				MTL_FAST_MATH = YES;
				ONLY_ACTIVE_ARCH = YES;
				SDKROOT = iphoneos;
				SWIFT_ACTIVE_COMPILATION_CONDITIONS = DEBUG;
				SWIFT_OPTIMIZATION_LEVEL = "-Onone";
			};
			name = Debug;
		};
		94A0B32D21A7ECC3000F18CB /* Release */ = {
			isa = XCBuildConfiguration;
			buildSettings = {
				ALWAYS_SEARCH_USER_PATHS = NO;
				CLANG_ANALYZER_NONNULL = YES;
				CLANG_ANALYZER_NUMBER_OBJECT_CONVERSION = YES_AGGRESSIVE;
				CLANG_CXX_LANGUAGE_STANDARD = "gnu++14";
				CLANG_CXX_LIBRARY = "libc++";
				CLANG_ENABLE_MODULES = YES;
				CLANG_ENABLE_OBJC_ARC = YES;
				CLANG_ENABLE_OBJC_WEAK = YES;
				CLANG_WARN_BLOCK_CAPTURE_AUTORELEASING = YES;
				CLANG_WARN_BOOL_CONVERSION = YES;
				CLANG_WARN_COMMA = YES;
				CLANG_WARN_CONSTANT_CONVERSION = YES;
				CLANG_WARN_DEPRECATED_OBJC_IMPLEMENTATIONS = YES;
				CLANG_WARN_DIRECT_OBJC_ISA_USAGE = YES_ERROR;
				CLANG_WARN_DOCUMENTATION_COMMENTS = YES;
				CLANG_WARN_EMPTY_BODY = YES;
				CLANG_WARN_ENUM_CONVERSION = YES;
				CLANG_WARN_INFINITE_RECURSION = YES;
				CLANG_WARN_INT_CONVERSION = YES;
				CLANG_WARN_NON_LITERAL_NULL_CONVERSION = YES;
				CLANG_WARN_OBJC_IMPLICIT_RETAIN_SELF = YES;
				CLANG_WARN_OBJC_LITERAL_CONVERSION = YES;
				CLANG_WARN_OBJC_ROOT_CLASS = YES_ERROR;
				CLANG_WARN_RANGE_LOOP_ANALYSIS = YES;
				CLANG_WARN_STRICT_PROTOTYPES = YES;
				CLANG_WARN_SUSPICIOUS_MOVE = YES;
				CLANG_WARN_UNGUARDED_AVAILABILITY = YES_AGGRESSIVE;
				CLANG_WARN_UNREACHABLE_CODE = YES;
				CLANG_WARN__DUPLICATE_METHOD_MATCH = YES;
				CODE_SIGN_IDENTITY = "iPhone Developer";
				COPY_PHASE_STRIP = NO;
				DEBUG_INFORMATION_FORMAT = "dwarf-with-dsym";
				ENABLE_NS_ASSERTIONS = NO;
				ENABLE_STRICT_OBJC_MSGSEND = YES;
				GCC_C_LANGUAGE_STANDARD = gnu11;
				GCC_NO_COMMON_BLOCKS = YES;
				GCC_WARN_64_TO_32_BIT_CONVERSION = YES;
				GCC_WARN_ABOUT_RETURN_TYPE = YES_ERROR;
				GCC_WARN_UNDECLARED_SELECTOR = YES;
				GCC_WARN_UNINITIALIZED_AUTOS = YES_AGGRESSIVE;
				GCC_WARN_UNUSED_FUNCTION = YES;
				GCC_WARN_UNUSED_VARIABLE = YES;
				IPHONEOS_DEPLOYMENT_TARGET = 12.1;
				MTL_ENABLE_DEBUG_INFO = NO;
				MTL_FAST_MATH = YES;
				SDKROOT = iphoneos;
				SWIFT_COMPILATION_MODE = wholemodule;
				SWIFT_OPTIMIZATION_LEVEL = "-O";
				VALIDATE_PRODUCT = YES;
			};
			name = Release;
		};
		94A0B32F21A7ECC3000F18CB /* Debug */ = {
			isa = XCBuildConfiguration;
			buildSettings = {
				ASSETCATALOG_COMPILER_APPICON_NAME = AppIcon;
				CODE_SIGN_STYLE = Automatic;
				INFOPLIST_FILE = TabBarDemo/Info.plist;
				LD_RUNPATH_SEARCH_PATHS = (
					"$(inherited)",
					"@executable_path/Frameworks",
				);
				PRODUCT_BUNDLE_IDENTIFIER = com.pa.TabBarDemo;
				PRODUCT_NAME = "$(TARGET_NAME)";
				SWIFT_VERSION = 4.2;
				TARGETED_DEVICE_FAMILY = 1;
			};
			name = Debug;
		};
		94A0B33021A7ECC3000F18CB /* Release */ = {
			isa = XCBuildConfiguration;
			buildSettings = {
				ASSETCATALOG_COMPILER_APPICON_NAME = AppIcon;
				CODE_SIGN_STYLE = Automatic;
				INFOPLIST_FILE = TabBarDemo/Info.plist;
				LD_RUNPATH_SEARCH_PATHS = (
					"$(inherited)",
					"@executable_path/Frameworks",
				);
				PRODUCT_BUNDLE_IDENTIFIER = com.pa.TabBarDemo;
				PRODUCT_NAME = "$(TARGET_NAME)";
				SWIFT_VERSION = 4.2;
				TARGETED_DEVICE_FAMILY = 1;
			};
			name = Release;
		};
/* End XCBuildConfiguration section */

/* Begin XCConfigurationList section */
		94A0B31721A7ECC1000F18CB /* Build configuration list for PBXProject "TabBarDemo" */ = {
			isa = XCConfigurationList;
			buildConfigurations = (
				94A0B32C21A7ECC3000F18CB /* Debug */,
				94A0B32D21A7ECC3000F18CB /* Release */,
			);
			defaultConfigurationIsVisible = 0;
			defaultConfigurationName = Release;
		};
		94A0B32E21A7ECC3000F18CB /* Build configuration list for PBXNativeTarget "TabBarDemo" */ = {
			isa = XCConfigurationList;
			buildConfigurations = (
				94A0B32F21A7ECC3000F18CB /* Debug */,
				94A0B33021A7ECC3000F18CB /* Release */,
			);
			defaultConfigurationIsVisible = 0;
			defaultConfigurationName = Release;
		};
/* End XCConfigurationList section */
	};
	rootObject = 94A0B31421A7ECC1000F18CB /* Project object */;
}
